
Microsoft Visual Studio Solution File, Format Version 12.00
# Visual Studio Version 16
VisualStudioVersion = 16.0.31729.503
MinimumVisualStudioVersion = 10.0.40219.1
Project("{FAE04EC0-301F-11D3-BF4B-00C04F79EFBC}") = "Lab14WpfApp", "Lab14WpfApp\Lab14WpfApp.csproj", "{B546B869-E064-4B2D-897E-1ACFDF567735}"
EndProject
Global
	GlobalSection(SolutionConfigurationPlatforms) = preSolution
		Debug|Any CPU = Debug|Any CPU
		Release|Any CPU = Release|Any CPU
	EndGlobalSection
	GlobalSection(ProjectConfigurationPlatforms) = postSolution
		{B546B869-E064-4B2D-897E-1ACFDF567735}.Debug|Any CPU.ActiveCfg = Debug|Any CPU
		{B546B869-E064-4B2D-897E-1ACFDF567735}.Debug|Any CPU.Build.0 = Debug|Any CPU
		{B546B869-E064-4B2D-897E-1ACFDF567735}.Release|Any CPU.ActiveCfg = Release|Any CPU
		{B546B869-E064-4B2D-897E-1ACFDF567735}.Release|Any CPU.Build.0 = Release|Any CPU
	EndGlobalSection
	GlobalSection(SolutionProperties) = preSolution
		HideSolutionNode = FALSE
	EndGlobalSection
	GlobalSection(ExtensibilityGlobals) = postSolution
		SolutionGuid = {3989BD8D-AA50-4BBD-A1A1-4D9E31DCA9A6}
	EndGlobalSection
EndGlobal
